
Microsoft Visual Studio Solution File, Format Version 12.00
# Visual Studio Version 17
VisualStudioVersion = 17.1.32421.90
MinimumVisualStudioVersion = 10.0.40219.1
Project("{9A19103F-16F7-4668-BE54-9A1E7A4F7556}") = "Parser", "Parser\Parser.csproj", "{8D7CCF12-5219-4DA7-8D8F-A636C4CB41B8}"
EndProject
Project("{FAE04EC0-301F-11D3-BF4B-00C04F79EFBC}") = "ParserTests", "ParserTests\ParserTests.csproj", "{7323E6BE-4860-446D-8D8C-5C16739B2028}"
EndProject
Global
	GlobalSection(SolutionConfigurationPlatforms) = preSolution
		Debug|Any CPU = Debug|Any CPU
		Release|Any CPU = Release|Any CPU
	EndGlobalSection
	GlobalSection(ProjectConfigurationPlatforms) = postSolution
		{8D7CCF12-5219-4DA7-8D8F-A636C4CB41B8}.Debug|Any CPU.ActiveCfg = Debug|Any CPU
		{8D7CCF12-5219-4DA7-8D8F-A636C4CB41B8}.Debug|Any CPU.Build.0 = Debug|Any CPU
		{8D7CCF12-5219-4DA7-8D8F-A636C4CB41B8}.Release|Any CPU.ActiveCfg = Release|Any CPU
		{8D7CCF12-5219-4DA7-8D8F-A636C4CB41B8}.Release|Any CPU.Build.0 = Release|Any CPU
		{7323E6BE-4860-446D-8D8C-5C16739B2028}.Debug|Any CPU.ActiveCfg = Debug|Any CPU
		{7323E6BE-4860-446D-8D8C-5C16739B2028}.Debug|Any CPU.Build.0 = Debug|Any CPU
		{7323E6BE-4860-446D-8D8C-5C16739B2028}.Release|Any CPU.ActiveCfg = Release|Any CPU
		{7323E6BE-4860-446D-8D8C-5C16739B2028}.Release|Any CPU.Build.0 = Release|Any CPU
	EndGlobalSection
	GlobalSection(SolutionProperties) = preSolution
		HideSolutionNode = FALSE
	EndGlobalSection
	GlobalSection(ExtensibilityGlobals) = postSolution
		SolutionGuid = {7A5B5608-E0DA-4785-A1F0-7BC0B33B1958}
	EndGlobalSection
EndGlobal
